{
  "name": "react-ticket-app",
  "version": "1.0.0",
  "lockfileVersion": 3,
  "requires": true,
  "packages": {
    "": {
      "name": "react-ticket-app",
      "version": "1.0.0",
      "dependencies": {
        "@vitejs/plugin-react": "...",
        "autoprefixer": "...",
        "framer-motion": "...",
        "lucide-react": "...",
        "postcss": "...",
        "react": "...",
        "react-dom": "...",
        "react-hook-form": "...",
        "react-router-dom": "...",
        "tailwindcss": "...",
        "vite": "..."
      },
      "devDependencies": {
        "@types/react": "...",
        "@types/react-dom": "...",
        "typescript": "..."
      },
      "engines": {
        "node": ">=16"
      }
    },
    "...": {},
    "node_modules/@types/react": {
      "resolved": "...",
      "link": true
    },
    "node_modules/@types/react-dom": {
      "resolved": "...",
      "link": true
    },
    "node_modules/@vitejs/plugin-react": {
      "resolved": "...",
      "link": true
    },
    "node_modules/autoprefixer": {
      "resolved": "...",
      "link": true
    },
    "node_modules/framer-motion": {
      "resolved": "...",
      "link": true
    },
    "node_modules/lucide-react": {
      "resolved": "...",
      "link": true
    },
    "node_modules/postcss": {
      "resolved": "...",
      "link": true
    },
    "node_modules/react": {
      "resolved": "...",
      "link": true
    },
    "node_modules/react-dom": {
      "resolved": "...",
      "link": true
    },
    "node_modules/react-hook-form": {
      "resolved": "...",
      "link": true
    },
    "node_modules/react-router-dom": {
      "resolved": "...",
      "link": true
    },
    "node_modules/tailwindcss": {
      "resolved": "...",
      "link": true
    },
    "node_modules/typescript": {
      "resolved": "...",
      "link": true
    },
    "node_modules/vite": {
      "resolved": "...",
      "link": true
    }
  }
}
